[[package]]
name = "doubly-linked-list"
version = "0.1.0"
dependencies = [
 "slab 0.4.1 (registry+https://github.com/rust-lang/crates.io-index)",
]

[[package]]
name = "slab"
version = "0.4.1"
source = "registry+https://github.com/rust-lang/crates.io-index"

[metadata]
"checksum slab 0.4.1 (registry+https://github.com/rust-lang/crates.io-index)" = "5f9776d6b986f77b35c6cf846c11ad986ff128fe0b2b63a3628e3755e8d3102d"
